
Microsoft Visual Studio Solution File, Format Version 12.00
# Visual Studio Version 17
VisualStudioVersion = 17.6.33829.357
MinimumVisualStudioVersion = 10.0.40219.1
Project("{9A19103F-16F7-4668-BE54-9A1E7A4F7556}") = "JbmAwsBucket", "JbmAwsBucket\JbmAwsBucket.csproj", "{E3445A30-A343-4715-A5DF-D09B917D3C17}"
EndProject
Global
	GlobalSection(SolutionConfigurationPlatforms) = preSolution
		Debug|Any CPU = Debug|Any CPU
		Release|Any CPU = Release|Any CPU
	EndGlobalSection
	GlobalSection(ProjectConfigurationPlatforms) = postSolution
		{E3445A30-A343-4715-A5DF-D09B917D3C17}.Debug|Any CPU.ActiveCfg = Debug|Any CPU
		{E3445A30-A343-4715-A5DF-D09B917D3C17}.Debug|Any CPU.Build.0 = Debug|Any CPU
		{E3445A30-A343-4715-A5DF-D09B917D3C17}.Release|Any CPU.ActiveCfg = Release|Any CPU
		{E3445A30-A343-4715-A5DF-D09B917D3C17}.Release|Any CPU.Build.0 = Release|Any CPU
	EndGlobalSection
	GlobalSection(SolutionProperties) = preSolution
		HideSolutionNode = FALSE
	EndGlobalSection
	GlobalSection(ExtensibilityGlobals) = postSolution
		SolutionGuid = {087EF3D1-47CD-4D20-9528-75016DD216A5}
	EndGlobalSection
EndGlobal
